
Microsoft Visual Studio Solution File, Format Version 12.00
# Visual Studio Version 16
VisualStudioVersion = 16.0.30104.148
MinimumVisualStudioVersion = 10.0.40219.1
Project("{FAE04EC0-301F-11D3-BF4B-00C04F79EFBC}") = "Valudacia", "Valudacia\Valudacia.csproj", "{A433458C-EB54-4073-AA38-29A51F4A72D6}"
EndProject
Global
	GlobalSection(SolutionConfigurationPlatforms) = preSolution
		Debug|Any CPU = Debug|Any CPU
		Release|Any CPU = Release|Any CPU
	EndGlobalSection
	GlobalSection(ProjectConfigurationPlatforms) = postSolution
		{A433458C-EB54-4073-AA38-29A51F4A72D6}.Debug|Any CPU.ActiveCfg = Debug|Any CPU
		{A433458C-EB54-4073-AA38-29A51F4A72D6}.Debug|Any CPU.Build.0 = Debug|Any CPU
		{A433458C-EB54-4073-AA38-29A51F4A72D6}.Release|Any CPU.ActiveCfg = Release|Any CPU
		{A433458C-EB54-4073-AA38-29A51F4A72D6}.Release|Any CPU.Build.0 = Release|Any CPU
	EndGlobalSection
	GlobalSection(SolutionProperties) = preSolution
		HideSolutionNode = FALSE
	EndGlobalSection
	GlobalSection(ExtensibilityGlobals) = postSolution
		SolutionGuid = {418F8885-8F92-41DD-BF8D-98A62ED4EACE}
	EndGlobalSection
EndGlobal
